version: 1.0
shards:
  amethyst:
    github: Codcore/amethyst
    commit: 0a54e305e8100b04242f7e873c96950d0eee3567

  html_builder:
    github: crystal-lang/html_builder
    version: 0.1.0

  mime:
    github: spalger/crystal-mime
    commit: bb69613b93dd059f68d1b508a31f83ca6c8eaace

  redis:
    github: stefanwille/crystal-redis
    commit: ec5cc8819bb7d4be39233b3fb710da3906f40691

  sqlite3:
    github: manastech/crystal-sqlite3
    commit: 45fee52b988dcb6b862cde2c944413b837212f9d

