version: 1.0
shards:
  amethyst:
    github: Codcore/amethyst
    commit: f532dae350092057973723c10caa63d2e5bde9d6

  mime:
    github: spalger/crystal-mime
    commit: bb69613b93dd059f68d1b508a31f83ca6c8eaace

  redis:
    github: stefanwille/crystal-redis
    commit: 34290a6258959e310c3200148b7a6dffa924e104

  sqlite3:
    github: manastech/crystal-sqlite3
    commit: 45fee52b988dcb6b862cde2c944413b837212f9d

